
Microsoft Visual Studio Solution File, Format Version 12.00
# Visual Studio Version 16
VisualStudioVersion = 16.0.31321.278
MinimumVisualStudioVersion = 10.0.40219.1
Project("{2150E333-8FDC-42A3-9474-1A3956D46DE8}") = "api", "api", "{72E86E94-3F33-4130-A1D8-C6C56A78048E}"
EndProject
Project("{9A19103F-16F7-4668-BE54-9A1E7A4F7556}") = "bookstore.api", "src\api\bookstore.api\bookstore.api.csproj", "{1339EAA3-6FD4-43FD-9DD8-4D9F513E54DE}"
EndProject
Project("{FAE04EC0-301F-11D3-BF4B-00C04F79EFBC}") = "bookstore.models", "src\api\bookstore.models\bookstore.models.csproj", "{3D7EB7D4-7373-4296-8A0B-633E239350E2}"
EndProject
Global
	GlobalSection(SolutionConfigurationPlatforms) = preSolution
		Debug|Any CPU = Debug|Any CPU
		Release|Any CPU = Release|Any CPU
	EndGlobalSection
	GlobalSection(ProjectConfigurationPlatforms) = postSolution
		{1339EAA3-6FD4-43FD-9DD8-4D9F513E54DE}.Debug|Any CPU.ActiveCfg = Debug|Any CPU
		{1339EAA3-6FD4-43FD-9DD8-4D9F513E54DE}.Debug|Any CPU.Build.0 = Debug|Any CPU
		{1339EAA3-6FD4-43FD-9DD8-4D9F513E54DE}.Release|Any CPU.ActiveCfg = Release|Any CPU
		{1339EAA3-6FD4-43FD-9DD8-4D9F513E54DE}.Release|Any CPU.Build.0 = Release|Any CPU
		{3D7EB7D4-7373-4296-8A0B-633E239350E2}.Debug|Any CPU.ActiveCfg = Debug|Any CPU
		{3D7EB7D4-7373-4296-8A0B-633E239350E2}.Debug|Any CPU.Build.0 = Debug|Any CPU
		{3D7EB7D4-7373-4296-8A0B-633E239350E2}.Release|Any CPU.ActiveCfg = Release|Any CPU
		{3D7EB7D4-7373-4296-8A0B-633E239350E2}.Release|Any CPU.Build.0 = Release|Any CPU
	EndGlobalSection
	GlobalSection(SolutionProperties) = preSolution
		HideSolutionNode = FALSE
	EndGlobalSection
	GlobalSection(NestedProjects) = preSolution
		{1339EAA3-6FD4-43FD-9DD8-4D9F513E54DE} = {72E86E94-3F33-4130-A1D8-C6C56A78048E}
		{3D7EB7D4-7373-4296-8A0B-633E239350E2} = {72E86E94-3F33-4130-A1D8-C6C56A78048E}
	EndGlobalSection
	GlobalSection(ExtensibilityGlobals) = postSolution
		SolutionGuid = {1FD57E6D-1A6E-4A99-908D-3725C1BAEB74}
	EndGlobalSection
EndGlobal
